
Microsoft Visual Studio Solution File, Format Version 12.00
# Visual Studio Version 17
VisualStudioVersion = 17.5.33530.505
MinimumVisualStudioVersion = 10.0.40219.1
Project("{FAE04EC0-301F-11D3-BF4B-00C04F79EFBC}") = "gcp3", "gcp3.csproj", "{F96F2BFC-133B-4968-99C3-4D882DB92694}"
EndProject
Global
	GlobalSection(SolutionConfigurationPlatforms) = preSolution
		Debug|Any CPU = Debug|Any CPU
		Release|Any CPU = Release|Any CPU
	EndGlobalSection
	GlobalSection(ProjectConfigurationPlatforms) = postSolution
		{F96F2BFC-133B-4968-99C3-4D882DB92694}.Debug|Any CPU.ActiveCfg = Debug|Any CPU
		{F96F2BFC-133B-4968-99C3-4D882DB92694}.Debug|Any CPU.Build.0 = Debug|Any CPU
		{F96F2BFC-133B-4968-99C3-4D882DB92694}.Release|Any CPU.ActiveCfg = Release|Any CPU
		{F96F2BFC-133B-4968-99C3-4D882DB92694}.Release|Any CPU.Build.0 = Release|Any CPU
	EndGlobalSection
	GlobalSection(SolutionProperties) = preSolution
		HideSolutionNode = FALSE
	EndGlobalSection
	GlobalSection(ExtensibilityGlobals) = postSolution
		SolutionGuid = {02BE7A5E-F51F-4B82-A99E-D92F781582F2}
	EndGlobalSection
EndGlobal
