
Microsoft Visual Studio Solution File, Format Version 12.00
# Visual Studio Version 17
VisualStudioVersion = 17.5.33530.505
MinimumVisualStudioVersion = 10.0.40219.1
Project("{FAE04EC0-301F-11D3-BF4B-00C04F79EFBC}") = "GcpApp3", "GcpApp3.csproj", "{A5DD55F1-B984-4C54-855E-AC47C2051A4C}"
EndProject
Global
	GlobalSection(SolutionConfigurationPlatforms) = preSolution
		Debug|Any CPU = Debug|Any CPU
		Release|Any CPU = Release|Any CPU
	EndGlobalSection
	GlobalSection(ProjectConfigurationPlatforms) = postSolution
		{A5DD55F1-B984-4C54-855E-AC47C2051A4C}.Debug|Any CPU.ActiveCfg = Debug|Any CPU
		{A5DD55F1-B984-4C54-855E-AC47C2051A4C}.Debug|Any CPU.Build.0 = Debug|Any CPU
		{A5DD55F1-B984-4C54-855E-AC47C2051A4C}.Release|Any CPU.ActiveCfg = Release|Any CPU
		{A5DD55F1-B984-4C54-855E-AC47C2051A4C}.Release|Any CPU.Build.0 = Release|Any CPU
	EndGlobalSection
	GlobalSection(SolutionProperties) = preSolution
		HideSolutionNode = FALSE
	EndGlobalSection
	GlobalSection(ExtensibilityGlobals) = postSolution
		SolutionGuid = {619BB546-D8B9-4E07-BF63-1FDD3A771921}
	EndGlobalSection
EndGlobal
